{
    "_readme": [
        "This file locks the dependencies of your project to a known state",
        "Read more about it at https://getcomposer.org/doc/01-basic-usage.md#installing-dependencies",
        "This file is @generated automatically"
    ],
    "content-hash": "e58c59c75c0b517b20ae03cf2577268c",
    "packages": [
        {
            "name": "defuse/php-encryption",
            "version": "v2.4.0",
            "source": {
                "type": "git",
                "url": "https://github.com/defuse/php-encryption.git",
                "reference": "f53396c2d34225064647a05ca76c1da9d99e5828"
            },
            "dist": {
                "type": "zip",
                "url": "https://api.github.com/repos/defuse/php-encryption/zipball/f53396c2d34225064647a05ca76c1da9d99e5828",
                "reference": "f53396c2d34225064647a05ca76c1da9d99e5828",
                "shasum": ""
            },
            "require": {
                "ext-openssl": "*",
                "paragonie/random_compat": ">= 2",
                "php": ">=5.6.0"
            },
            "require-dev": {
                "phpunit/phpunit": "^5|^6|^7|^8|^9|^10",
                "yoast/phpunit-polyfills": "^2.0.0"
            },
            "bin": [
                "bin/generate-defuse-key"
            ],
            "type": "library",
            "autoload": {
                "psr-4": {
                    "Defuse\\Crypto\\": "src"
                }
            },
            "notification-url": "https://packagist.org/downloads/",
            "license": [
                "MIT"
            ],
            "authors": [
                {
                    "name": "Taylor Hornby",
                    "email": "taylor@defuse.ca",
                    "homepage": "https://defuse.ca/"
                },
                {
                    "name": "Scott Arciszewski",
                    "email": "info@paragonie.com",
                    "homepage": "https://paragonie.com"
                }
            ],
            "description": "Secure PHP Encryption Library",
            "keywords": [
                "aes",
                "authenticated encryption",
                "cipher",
                "crypto",
                "cryptography",
                "encrypt",
                "encryption",
                "openssl",
                "security",
                "symmetric key cryptography"
            ],
            "support": {
                "issues": "https://github.com/defuse/php-encryption/issues",
                "source": "https://github.com/defuse/php-encryption/tree/v2.4.0"
            },
            "time": "2023-06-19T06:10:36+00:00"
        },
        {
            "name": "mediawiki/oauthclient",
            "version": "1.2.0",
            "source": {
                "type": "git",
                "url": "https://github.com/wikimedia/mediawiki-oauthclient-php.git",
                "reference": "ace642e67b8292a5e351c50daca7d3f2b25fa4cb"
            },
            "dist": {
                "type": "zip",
                "url": "https://api.github.com/repos/wikimedia/mediawiki-oauthclient-php/zipball/ace642e67b8292a5e351c50daca7d3f2b25fa4cb",
                "reference": "ace642e67b8292a5e351c50daca7d3f2b25fa4cb",
                "shasum": ""
            },
            "require": {
                "ext-curl": "*",
                "ext-json": "*",
                "php": ">=7.2.9",
                "psr/log": "^1.0"
            },
            "require-dev": {
                "mediawiki/mediawiki-codesniffer": "37.0.0",
                "mediawiki/minus-x": "1.1.1",
                "php-parallel-lint/php-console-highlighter": "0.5.0",
                "php-parallel-lint/php-parallel-lint": "1.3.0",
                "phpunit/phpunit": "^8.5"
            },
            "type": "library",
            "autoload": {
                "psr-4": {
                    "MediaWiki\\OAuthClient\\": "src/"
                }
            },
            "notification-url": "https://packagist.org/downloads/",
            "license": [
                "GPL-3.0-or-later"
            ],
            "authors": [
                {
                    "name": "Andy Smith",
                    "homepage": "http://termie.pbworks.com/w/page/20571888/AndySmith"
                },
                {
                    "name": "Chris Steipp",
                    "email": "csteipp@wikimedia.org"
                },
                {
                    "name": "Bryan Davis",
                    "email": "bd808@wikimedia.org"
                }
            ],
            "description": "PHP OAuth client for use with Wikipedia and other MediaWiki-based wikis running the OAuth extension",
            "homepage": "https://www.mediawiki.org/wiki/oauthclient-php",
            "time": "2021-10-21T13:34:48+00:00"
        },
        {
            "name": "paragonie/random_compat",
            "version": "v9.99.100",
            "source": {
                "type": "git",
                "url": "https://github.com/paragonie/random_compat.git",
                "reference": "996434e5492cb4c3edcb9168db6fbb1359ef965a"
            },
            "dist": {
                "type": "zip",
                "url": "https://api.github.com/repos/paragonie/random_compat/zipball/996434e5492cb4c3edcb9168db6fbb1359ef965a",
                "reference": "996434e5492cb4c3edcb9168db6fbb1359ef965a",
                "shasum": ""
            },
            "require": {
                "php": ">= 7"
            },
            "require-dev": {
                "phpunit/phpunit": "4.*|5.*",
                "vimeo/psalm": "^1"
            },
            "suggest": {
                "ext-libsodium": "Provides a modern crypto API that can be used to generate random bytes."
            },
            "type": "library",
            "notification-url": "https://packagist.org/downloads/",
            "license": [
                "MIT"
            ],
            "authors": [
                {
                    "name": "Paragon Initiative Enterprises",
                    "email": "security@paragonie.com",
                    "homepage": "https://paragonie.com"
                }
            ],
            "description": "PHP 5.x polyfill for random_bytes() and random_int() from PHP 7",
            "keywords": [
                "csprng",
                "polyfill",
                "pseudorandom",
                "random"
            ],
            "support": {
                "email": "info@paragonie.com",
                "issues": "https://github.com/paragonie/random_compat/issues",
                "source": "https://github.com/paragonie/random_compat"
            },
            "time": "2020-10-15T08:29:30+00:00"
        },
        {
            "name": "phpmailer/phpmailer",
            "version": "v6.8.1",
            "source": {
                "type": "git",
                "url": "https://github.com/PHPMailer/PHPMailer.git",
                "reference": "e88da8d679acc3824ff231fdc553565b802ac016"
            },
            "dist": {
                "type": "zip",
                "url": "https://api.github.com/repos/PHPMailer/PHPMailer/zipball/e88da8d679acc3824ff231fdc553565b802ac016",
                "reference": "e88da8d679acc3824ff231fdc553565b802ac016",
                "shasum": ""
            },
            "require": {
                "ext-ctype": "*",
                "ext-filter": "*",
                "ext-hash": "*",
                "php": ">=5.5.0"
            },
            "require-dev": {
                "dealerdirect/phpcodesniffer-composer-installer": "^1.0",
                "doctrine/annotations": "^1.2.6 || ^1.13.3",
                "php-parallel-lint/php-console-highlighter": "^1.0.0",
                "php-parallel-lint/php-parallel-lint": "^1.3.2",
                "phpcompatibility/php-compatibility": "^9.3.5",
                "roave/security-advisories": "dev-latest",
                "squizlabs/php_codesniffer": "^3.7.2",
                "yoast/phpunit-polyfills": "^1.0.4"
            },
            "suggest": {
                "ext-mbstring": "Needed to send email in multibyte encoding charset or decode encoded addresses",
                "ext-openssl": "Needed for secure SMTP sending and DKIM signing",
                "greew/oauth2-azure-provider": "Needed for Microsoft Azure XOAUTH2 authentication",
                "hayageek/oauth2-yahoo": "Needed for Yahoo XOAUTH2 authentication",
                "league/oauth2-google": "Needed for Google XOAUTH2 authentication",
                "psr/log": "For optional PSR-3 debug logging",
                "symfony/polyfill-mbstring": "To support UTF-8 if the Mbstring PHP extension is not enabled (^1.2)",
                "thenetworg/oauth2-azure": "Needed for Microsoft XOAUTH2 authentication"
            },
            "type": "library",
            "autoload": {
                "psr-4": {
                    "PHPMailer\\PHPMailer\\": "src/"
                }
            },
            "notification-url": "https://packagist.org/downloads/",
            "license": [
                "LGPL-2.1-only"
            ],
            "authors": [
                {
                    "name": "Marcus Bointon",
                    "email": "phpmailer@synchromedia.co.uk"
                },
                {
                    "name": "Jim Jagielski",
                    "email": "jimjag@gmail.com"
                },
                {
                    "name": "Andy Prevost",
                    "email": "codeworxtech@users.sourceforge.net"
                },
                {
                    "name": "Brent R. Matzelle"
                }
            ],
            "description": "PHPMailer is a full-featured email creation and transfer class for PHP",
            "time": "2023-08-29T08:26:30+00:00"
        },
        {
            "name": "psr/log",
            "version": "1.1.4",
            "source": {
                "type": "git",
                "url": "https://github.com/php-fig/log.git",
                "reference": "d49695b909c3b7628b6289db5479a1c204601f11"
            },
            "dist": {
                "type": "zip",
                "url": "https://api.github.com/repos/php-fig/log/zipball/d49695b909c3b7628b6289db5479a1c204601f11",
                "reference": "d49695b909c3b7628b6289db5479a1c204601f11",
                "shasum": ""
            },
            "require": {
                "php": ">=5.3.0"
            },
            "type": "library",
            "extra": {
                "branch-alias": {
                    "dev-master": "1.1.x-dev"
                }
            },
            "autoload": {
                "psr-4": {
                    "Psr\\Log\\": "Psr/Log/"
                }
            },
            "notification-url": "https://packagist.org/downloads/",
            "license": [
                "MIT"
            ],
            "authors": [
                {
                    "name": "PHP-FIG",
                    "homepage": "https://www.php-fig.org/"
                }
            ],
            "description": "Common interface for logging libraries",
            "homepage": "https://github.com/php-fig/log",
            "keywords": [
                "log",
                "psr",
                "psr-3"
            ],
            "time": "2021-05-03T11:20:27+00:00"
        },
        {
            "name": "wiki-connect/parsewiki",
            "version": "1.0.3",
            "source": {
                "type": "git",
                "url": "https://github.com/wiki-connect/ParseWiki.git",
                "reference": "bc7b44ea0b6c0667fed2ead811707379d83551ba"
            },
            "dist": {
                "type": "zip",
                "url": "https://api.github.com/repos/wiki-connect/ParseWiki/zipball/bc7b44ea0b6c0667fed2ead811707379d83551ba",
                "reference": "bc7b44ea0b6c0667fed2ead811707379d83551ba",
                "shasum": ""
            },
            "type": "library",
            "autoload": {
                "psr-4": {
                    "WikiConnect\\ParseWiki\\": "src/"
                }
            },
            "notification-url": "https://packagist.org/downloads/",
            "license": [
                "GPL-3.0"
            ],
            "authors": [
                {
                    "name": "GergesShamon",
                    "email": "gerges.shamoon.dev@gmail.com"
                }
            ],
            "description": "A library that helps parse wikitext template data",
            "keywords": [
                "mediawiki",
                "parser",
                "wikitext"
            ],
            "time": "2023-12-18T22:48:47+00:00"
        }
    ],
    "packages-dev": [],
    "aliases": [],
    "minimum-stability": "stable",
    "stability-flags": [],
    "prefer-stable": false,
    "prefer-lowest": false,
    "platform": [],
    "platform-dev": [],
    "plugin-api-version": "2.0.0"
}
